
Microsoft Visual Studio Solution File, Format Version 12.00
# Visual Studio Version 16
VisualStudioVersion = 16.0.808.1
MinimumVisualStudioVersion = 10.0.40219.1
Project("{FAE04EC0-301F-11D3-BF4B-00C04F79EFBC}") = "Decide.UI", "Decide.UI\Decide.UI.csproj", "{EAE01407-09B6-4A2E-879C-CA39AE613ACA}"
EndProject
Global
	GlobalSection(SolutionConfigurationPlatforms) = preSolution
		Debug|Any CPU = Debug|Any CPU
		Release|Any CPU = Release|Any CPU
	EndGlobalSection
	GlobalSection(ProjectConfigurationPlatforms) = postSolution
		{EAE01407-09B6-4A2E-879C-CA39AE613ACA}.Debug|Any CPU.ActiveCfg = Debug|Any CPU
		{EAE01407-09B6-4A2E-879C-CA39AE613ACA}.Debug|Any CPU.Build.0 = Debug|Any CPU
		{EAE01407-09B6-4A2E-879C-CA39AE613ACA}.Release|Any CPU.ActiveCfg = Release|Any CPU
		{EAE01407-09B6-4A2E-879C-CA39AE613ACA}.Release|Any CPU.Build.0 = Release|Any CPU
	EndGlobalSection
	GlobalSection(SolutionProperties) = preSolution
		HideSolutionNode = FALSE
	EndGlobalSection
	GlobalSection(ExtensibilityGlobals) = postSolution
		SolutionGuid = {8AA0F13B-323D-4155-8F81-AE6D0920D3C9}
	EndGlobalSection
EndGlobal
